{
  "version": 4,
  "terraform_version": "0.14.3",
  "serial": 18,
  "lineage": "8fcac422-4875-f327-b37f-45df6deca175",
  "outputs": {},
  "resources": [
    {
      "mode": "managed",
      "type": "azurerm_linux_virtual_machine",
      "name": "VMMaster",
      "provider": "provider[\"registry.terraform.io/hashicorp/azurerm\"]",
      "instances": [
        {
          "schema_version": 0,
          "attributes": {
            "additional_capabilities": [],
            "admin_password": null,
            "admin_ssh_key": [
              {
                "public_key": "ssh-rsa AAAAB3NzaC1yc2EAAAADAQABAAACAQDhRVHj+P98gfl5L8qIuI7hPgyP80aokJ0jFax7FvKpv/0AtNSGRscqu0UcoUeX89XfvafRvEXDCzLDLeVz23DR+hrpA/snzONLShJ1E5AG+dkye1RxXXilDZWe/YlB8BTseDwmHqEIoeU/G/Dxym2eFTh1l3fpMX/CEu3pudEajCyofPdzBNvwvvXk2R9968CZuut5ljjZateVatZkAA74Ox5+DgOa7n9wGZnyPxv7M/WB+Ah0Y71QR7oo3g/Np+vZAT4KfUE4ObBFaHudkg0WGZa4019BVzlMCvx8MrO7ix5DUoAtpYtEvAtsXoViccSymeqEngKPWKGgwQmuUZ6gcUFVEMdGVRUZmI2pRS9g7AoRslOJgm8hC1OvbFGoDA0KKytWvbnyByN3mFnpl43wlLGmX3H4B5qagZYh3wNKTx/th4LdFxfs1zci95HfOe82zveLuhJM/K2X/nNKSB91TbpshBtfs2H2ZRAODTvdPv1En/5OFES9AinTN6B7BGh3+DXbBlf/b5chKriYYLNWq8oV06j3ipU9H9Y7S2n0vb84emQo0d27mRENo1thvFon/uhLrfU5Chn5dpYpZ06u274FNdRMSitmt9zFF/DcQmVNNjaYQSVBRrAlKW6kgksXddVOd8BpZySV1ojtH4XweA1eBfWJlXuY0ZIadMleBw== anto@ubuntu\n",
                "username": "anto"
              }
            ],
            "admin_username": "anto",
            "allow_extension_operations": true,
            "availability_set_id": "",
            "boot_diagnostics": [
              {
                "storage_account_uri": "https://antostaccount2vm.blob.core.windows.net/"
              }
            ],
            "computer_name": "k8smaster",
            "custom_data": null,
            "dedicated_host_id": "",
            "disable_password_authentication": true,
            "encryption_at_host_enabled": false,
            "eviction_policy": "",
            "extensions_time_budget": "PT1H30M",
            "id": "/subscriptions/25ec5d1d-f242-40b6-b79e-001c040416d0/resourceGroups/kubernetes_rg/providers/Microsoft.Compute/virtualMachines/k8smaster",
            "identity": [],
            "location": "westeurope",
            "max_bid_price": -1,
            "name": "k8smaster",
            "network_interface_ids": [
              "/subscriptions/25ec5d1d-f242-40b6-b79e-001c040416d0/resourceGroups/kubernetes_rg/providers/Microsoft.Network/networkInterfaces/nic-M1"
            ],
            "os_disk": [
              {
                "caching": "ReadWrite",
                "diff_disk_settings": [],
                "disk_encryption_set_id": "",
                "disk_size_gb": 30,
                "name": "k8smaster_OsDisk_1_3b276b8f7c17404d885ebb673b2f87d5",
                "storage_account_type": "Standard_LRS",
                "write_accelerator_enabled": false
              }
            ],
            "plan": [
              {
                "name": "centos-8-stream-free",
                "product": "centos-8-stream-free",
                "publisher": "cognosys"
              }
            ],
            "priority": "Regular",
            "private_ip_address": "10.0.1.10",
            "private_ip_addresses": [
              "10.0.1.10"
            ],
            "provision_vm_agent": true,
            "proximity_placement_group_id": "",
            "public_ip_address": "20.224.231.199",
            "public_ip_addresses": [
              "20.224.231.199"
            ],
            "resource_group_name": "kubernetes_rg",
            "secret": [],
            "size": "Standard_D2_v2",
            "source_image_id": "",
            "source_image_reference": [
              {
                "offer": "centos-8-stream-free",
                "publisher": "cognosys",
                "sku": "centos-8-stream-free",
                "version": "1.2019.0810"
              }
            ],
            "tags": {
              "environment": "CP2"
            },
            "timeouts": null,
            "virtual_machine_id": "a5475663-af97-49f1-8f81-c4df29961e62",
            "virtual_machine_scale_set_id": "",
            "zone": ""
          },
          "sensitive_attributes": [],
          "private": "eyJlMmJmYjczMC1lY2FhLTExZTYtOGY4OC0zNDM2M2JjN2M0YzAiOnsiY3JlYXRlIjoyNzAwMDAwMDAwMDAwLCJkZWxldGUiOjI3MDAwMDAwMDAwMDAsInJlYWQiOjMwMDAwMDAwMDAwMCwidXBkYXRlIjoyNzAwMDAwMDAwMDAwfX0=",
          "dependencies": [
            "azurerm_network_interface.myNic1",
            "azurerm_public_ip.myPublicIp1",
            "azurerm_resource_group.rg",
            "azurerm_storage_account.stAccount",
            "azurerm_subnet.mySubnet",
            "azurerm_virtual_network.myNet"
          ]
        }
      ]
    },
    {
      "mode": "managed",
      "type": "azurerm_linux_virtual_machine",
      "name": "VMWorkers",
      "provider": "provider[\"registry.terraform.io/hashicorp/azurerm\"]",
      "instances": [
        {
          "index_key": 0,
          "schema_version": 0,
          "attributes": {
            "additional_capabilities": [],
            "admin_password": null,
            "admin_ssh_key": [
              {
                "public_key": "ssh-rsa AAAAB3NzaC1yc2EAAAADAQABAAACAQDhRVHj+P98gfl5L8qIuI7hPgyP80aokJ0jFax7FvKpv/0AtNSGRscqu0UcoUeX89XfvafRvEXDCzLDLeVz23DR+hrpA/snzONLShJ1E5AG+dkye1RxXXilDZWe/YlB8BTseDwmHqEIoeU/G/Dxym2eFTh1l3fpMX/CEu3pudEajCyofPdzBNvwvvXk2R9968CZuut5ljjZateVatZkAA74Ox5+DgOa7n9wGZnyPxv7M/WB+Ah0Y71QR7oo3g/Np+vZAT4KfUE4ObBFaHudkg0WGZa4019BVzlMCvx8MrO7ix5DUoAtpYtEvAtsXoViccSymeqEngKPWKGgwQmuUZ6gcUFVEMdGVRUZmI2pRS9g7AoRslOJgm8hC1OvbFGoDA0KKytWvbnyByN3mFnpl43wlLGmX3H4B5qagZYh3wNKTx/th4LdFxfs1zci95HfOe82zveLuhJM/K2X/nNKSB91TbpshBtfs2H2ZRAODTvdPv1En/5OFES9AinTN6B7BGh3+DXbBlf/b5chKriYYLNWq8oV06j3ipU9H9Y7S2n0vb84emQo0d27mRENo1thvFon/uhLrfU5Chn5dpYpZ06u274FNdRMSitmt9zFF/DcQmVNNjaYQSVBRrAlKW6kgksXddVOd8BpZySV1ojtH4XweA1eBfWJlXuY0ZIadMleBw== anto@ubuntu\n",
                "username": "anto"
              }
            ],
            "admin_username": "anto",
            "allow_extension_operations": true,
            "availability_set_id": "",
            "boot_diagnostics": [
              {
                "storage_account_uri": "https://antostaccount2vm.blob.core.windows.net/"
              }
            ],
            "computer_name": "k8snode01",
            "custom_data": null,
            "dedicated_host_id": "",
            "disable_password_authentication": true,
            "encryption_at_host_enabled": false,
            "eviction_policy": "",
            "extensions_time_budget": "PT1H30M",
            "id": "/subscriptions/25ec5d1d-f242-40b6-b79e-001c040416d0/resourceGroups/kubernetes_rg/providers/Microsoft.Compute/virtualMachines/k8snode01",
            "identity": [],
            "location": "westeurope",
            "max_bid_price": -1,
            "name": "k8snode01",
            "network_interface_ids": [
              "/subscriptions/25ec5d1d-f242-40b6-b79e-001c040416d0/resourceGroups/kubernetes_rg/providers/Microsoft.Network/networkInterfaces/nic-M2"
            ],
            "os_disk": [
              {
                "caching": "ReadWrite",
                "diff_disk_settings": [],
                "disk_encryption_set_id": "",
                "disk_size_gb": 30,
                "name": "k8snode01_OsDisk_1_ed35fe6e65c94561b4ddf534c2767f28",
                "storage_account_type": "Standard_LRS",
                "write_accelerator_enabled": false
              }
            ],
            "plan": [
              {
                "name": "centos-8-stream-free",
                "product": "centos-8-stream-free",
                "publisher": "cognosys"
              }
            ],
            "priority": "Regular",
            "private_ip_address": "10.0.1.11",
            "private_ip_addresses": [
              "10.0.1.11"
            ],
            "provision_vm_agent": true,
            "proximity_placement_group_id": "",
            "public_ip_address": "20.224.227.120",
            "public_ip_addresses": [
              "20.224.227.120"
            ],
            "resource_group_name": "kubernetes_rg",
            "secret": [],
            "size": "Standard_D1_v2",
            "source_image_id": "",
            "source_image_reference": [
              {
                "offer": "centos-8-stream-free",
                "publisher": "cognosys",
                "sku": "centos-8-stream-free",
                "version": "1.2019.0810"
              }
            ],
            "tags": {
              "environment": "CP2"
            },
            "timeouts": null,
            "virtual_machine_id": "578fe96d-52a8-4a91-b510-a7d7739d97f0",
            "virtual_machine_scale_set_id": "",
            "zone": ""
          },
          "sensitive_attributes": [],
          "private": "eyJlMmJmYjczMC1lY2FhLTExZTYtOGY4OC0zNDM2M2JjN2M0YzAiOnsiY3JlYXRlIjoyNzAwMDAwMDAwMDAwLCJkZWxldGUiOjI3MDAwMDAwMDAwMDAsInJlYWQiOjMwMDAwMDAwMDAwMCwidXBkYXRlIjoyNzAwMDAwMDAwMDAwfX0=",
          "dependencies": [
            "azurerm_network_interface.myNic1",
            "azurerm_public_ip.myPublicIp1",
            "azurerm_resource_group.rg",
            "azurerm_storage_account.stAccount",
            "azurerm_subnet.mySubnet",
            "azurerm_virtual_network.myNet"
          ]
        },
        {
          "index_key": 1,
          "schema_version": 0,
          "attributes": {
            "additional_capabilities": [],
            "admin_password": null,
            "admin_ssh_key": [
              {
                "public_key": "ssh-rsa AAAAB3NzaC1yc2EAAAADAQABAAACAQDhRVHj+P98gfl5L8qIuI7hPgyP80aokJ0jFax7FvKpv/0AtNSGRscqu0UcoUeX89XfvafRvEXDCzLDLeVz23DR+hrpA/snzONLShJ1E5AG+dkye1RxXXilDZWe/YlB8BTseDwmHqEIoeU/G/Dxym2eFTh1l3fpMX/CEu3pudEajCyofPdzBNvwvvXk2R9968CZuut5ljjZateVatZkAA74Ox5+DgOa7n9wGZnyPxv7M/WB+Ah0Y71QR7oo3g/Np+vZAT4KfUE4ObBFaHudkg0WGZa4019BVzlMCvx8MrO7ix5DUoAtpYtEvAtsXoViccSymeqEngKPWKGgwQmuUZ6gcUFVEMdGVRUZmI2pRS9g7AoRslOJgm8hC1OvbFGoDA0KKytWvbnyByN3mFnpl43wlLGmX3H4B5qagZYh3wNKTx/th4LdFxfs1zci95HfOe82zveLuhJM/K2X/nNKSB91TbpshBtfs2H2ZRAODTvdPv1En/5OFES9AinTN6B7BGh3+DXbBlf/b5chKriYYLNWq8oV06j3ipU9H9Y7S2n0vb84emQo0d27mRENo1thvFon/uhLrfU5Chn5dpYpZ06u274FNdRMSitmt9zFF/DcQmVNNjaYQSVBRrAlKW6kgksXddVOd8BpZySV1ojtH4XweA1eBfWJlXuY0ZIadMleBw== anto@ubuntu\n",
                "username": "anto"
              }
            ],
            "admin_username": "anto",
            "allow_extension_operations": true,
            "availability_set_id": "",
            "boot_diagnostics": [
              {
                "storage_account_uri": "https://antostaccount2vm.blob.core.windows.net/"
              }
            ],
            "computer_name": "k8snode02",
            "custom_data": null,
            "dedicated_host_id": "",
            "disable_password_authentication": true,
            "encryption_at_host_enabled": false,
            "eviction_policy": "",
            "extensions_time_budget": "PT1H30M",
            "id": "/subscriptions/25ec5d1d-f242-40b6-b79e-001c040416d0/resourceGroups/kubernetes_rg/providers/Microsoft.Compute/virtualMachines/k8snode02",
            "identity": [],
            "location": "westeurope",
            "max_bid_price": -1,
            "name": "k8snode02",
            "network_interface_ids": [
              "/subscriptions/25ec5d1d-f242-40b6-b79e-001c040416d0/resourceGroups/kubernetes_rg/providers/Microsoft.Network/networkInterfaces/nic-M3"
            ],
            "os_disk": [
              {
                "caching": "ReadWrite",
                "diff_disk_settings": [],
                "disk_encryption_set_id": "",
                "disk_size_gb": 30,
                "name": "k8snode02_OsDisk_1_c75579cc2f6949498f8d60a310bd3a7f",
                "storage_account_type": "Standard_LRS",
                "write_accelerator_enabled": false
              }
            ],
            "plan": [
              {
                "name": "centos-8-stream-free",
                "product": "centos-8-stream-free",
                "publisher": "cognosys"
              }
            ],
            "priority": "Regular",
            "private_ip_address": "10.0.1.12",
            "private_ip_addresses": [
              "10.0.1.12"
            ],
            "provision_vm_agent": true,
            "proximity_placement_group_id": "",
            "public_ip_address": "20.224.226.78",
            "public_ip_addresses": [
              "20.224.226.78"
            ],
            "resource_group_name": "kubernetes_rg",
            "secret": [],
            "size": "Standard_D1_v2",
            "source_image_id": "",
            "source_image_reference": [
              {
                "offer": "centos-8-stream-free",
                "publisher": "cognosys",
                "sku": "centos-8-stream-free",
                "version": "1.2019.0810"
              }
            ],
            "tags": {
              "environment": "CP2"
            },
            "timeouts": null,
            "virtual_machine_id": "d6c31aa5-6ebd-4bb8-879f-19884f35af05",
            "virtual_machine_scale_set_id": "",
            "zone": ""
          },
          "sensitive_attributes": [],
          "private": "eyJlMmJmYjczMC1lY2FhLTExZTYtOGY4OC0zNDM2M2JjN2M0YzAiOnsiY3JlYXRlIjoyNzAwMDAwMDAwMDAwLCJkZWxldGUiOjI3MDAwMDAwMDAwMDAsInJlYWQiOjMwMDAwMDAwMDAwMCwidXBkYXRlIjoyNzAwMDAwMDAwMDAwfX0=",
          "dependencies": [
            "azurerm_network_interface.myNic1",
            "azurerm_public_ip.myPublicIp1",
            "azurerm_resource_group.rg",
            "azurerm_storage_account.stAccount",
            "azurerm_subnet.mySubnet",
            "azurerm_virtual_network.myNet"
          ]
        }
      ]
    },
    {
      "mode": "managed",
      "type": "azurerm_network_interface",
      "name": "myNic1",
      "provider": "provider[\"registry.terraform.io/hashicorp/azurerm\"]",
      "instances": [
        {
          "index_key": 0,
          "schema_version": 0,
          "attributes": {
            "applied_dns_servers": [],
            "dns_servers": [],
            "enable_accelerated_networking": false,
            "enable_ip_forwarding": false,
            "id": "/subscriptions/25ec5d1d-f242-40b6-b79e-001c040416d0/resourceGroups/kubernetes_rg/providers/Microsoft.Network/networkInterfaces/nic-M1",
            "internal_dns_name_label": "",
            "internal_domain_name_suffix": "hl50r3mswxqudk3lc2tez54tjb.ax.internal.cloudapp.net",
            "ip_configuration": [
              {
                "name": "ipconf-M1",
                "primary": true,
                "private_ip_address": "10.0.1.10",
                "private_ip_address_allocation": "Static",
                "private_ip_address_version": "IPv4",
                "public_ip_address_id": "/subscriptions/25ec5d1d-f242-40b6-b79e-001c040416d0/resourceGroups/kubernetes_rg/providers/Microsoft.Network/publicIPAddresses/vmip-M0",
                "subnet_id": "/subscriptions/25ec5d1d-f242-40b6-b79e-001c040416d0/resourceGroups/kubernetes_rg/providers/Microsoft.Network/virtualNetworks/kubernetesnet/subnets/terraformsubnet"
              }
            ],
            "location": "westeurope",
            "mac_address": "",
            "name": "nic-M1",
            "private_ip_address": "10.0.1.10",
            "private_ip_addresses": [
              "10.0.1.10"
            ],
            "resource_group_name": "kubernetes_rg",
            "tags": {
              "environment": "CP2"
            },
            "timeouts": null,
            "virtual_machine_id": ""
          },
          "sensitive_attributes": [],
          "private": "eyJlMmJmYjczMC1lY2FhLTExZTYtOGY4OC0zNDM2M2JjN2M0YzAiOnsiY3JlYXRlIjoxODAwMDAwMDAwMDAwLCJkZWxldGUiOjE4MDAwMDAwMDAwMDAsInJlYWQiOjMwMDAwMDAwMDAwMCwidXBkYXRlIjoxODAwMDAwMDAwMDAwfX0=",
          "dependencies": [
            "azurerm_public_ip.myPublicIp1",
            "azurerm_resource_group.rg",
            "azurerm_subnet.mySubnet",
            "azurerm_virtual_network.myNet"
          ]
        },
        {
          "index_key": 1,
          "schema_version": 0,
          "attributes": {
            "applied_dns_servers": [],
            "dns_servers": [],
            "enable_accelerated_networking": false,
            "enable_ip_forwarding": false,
            "id": "/subscriptions/25ec5d1d-f242-40b6-b79e-001c040416d0/resourceGroups/kubernetes_rg/providers/Microsoft.Network/networkInterfaces/nic-M2",
            "internal_dns_name_label": "",
            "internal_domain_name_suffix": "hl50r3mswxqudk3lc2tez54tjb.ax.internal.cloudapp.net",
            "ip_configuration": [
              {
                "name": "ipconf-M2",
                "primary": true,
                "private_ip_address": "10.0.1.11",
                "private_ip_address_allocation": "Static",
                "private_ip_address_version": "IPv4",
                "public_ip_address_id": "/subscriptions/25ec5d1d-f242-40b6-b79e-001c040416d0/resourceGroups/kubernetes_rg/providers/Microsoft.Network/publicIPAddresses/vmip-M1",
                "subnet_id": "/subscriptions/25ec5d1d-f242-40b6-b79e-001c040416d0/resourceGroups/kubernetes_rg/providers/Microsoft.Network/virtualNetworks/kubernetesnet/subnets/terraformsubnet"
              }
            ],
            "location": "westeurope",
            "mac_address": "",
            "name": "nic-M2",
            "private_ip_address": "10.0.1.11",
            "private_ip_addresses": [
              "10.0.1.11"
            ],
            "resource_group_name": "kubernetes_rg",
            "tags": {
              "environment": "CP2"
            },
            "timeouts": null,
            "virtual_machine_id": ""
          },
          "sensitive_attributes": [],
          "private": "eyJlMmJmYjczMC1lY2FhLTExZTYtOGY4OC0zNDM2M2JjN2M0YzAiOnsiY3JlYXRlIjoxODAwMDAwMDAwMDAwLCJkZWxldGUiOjE4MDAwMDAwMDAwMDAsInJlYWQiOjMwMDAwMDAwMDAwMCwidXBkYXRlIjoxODAwMDAwMDAwMDAwfX0=",
          "dependencies": [
            "azurerm_public_ip.myPublicIp1",
            "azurerm_resource_group.rg",
            "azurerm_subnet.mySubnet",
            "azurerm_virtual_network.myNet"
          ]
        },
        {
          "index_key": 2,
          "schema_version": 0,
          "attributes": {
            "applied_dns_servers": [],
            "dns_servers": [],
            "enable_accelerated_networking": false,
            "enable_ip_forwarding": false,
            "id": "/subscriptions/25ec5d1d-f242-40b6-b79e-001c040416d0/resourceGroups/kubernetes_rg/providers/Microsoft.Network/networkInterfaces/nic-M3",
            "internal_dns_name_label": "",
            "internal_domain_name_suffix": "hl50r3mswxqudk3lc2tez54tjb.ax.internal.cloudapp.net",
            "ip_configuration": [
              {
                "name": "ipconf-M3",
                "primary": true,
                "private_ip_address": "10.0.1.12",
                "private_ip_address_allocation": "Static",
                "private_ip_address_version": "IPv4",
                "public_ip_address_id": "/subscriptions/25ec5d1d-f242-40b6-b79e-001c040416d0/resourceGroups/kubernetes_rg/providers/Microsoft.Network/publicIPAddresses/vmip-M2",
                "subnet_id": "/subscriptions/25ec5d1d-f242-40b6-b79e-001c040416d0/resourceGroups/kubernetes_rg/providers/Microsoft.Network/virtualNetworks/kubernetesnet/subnets/terraformsubnet"
              }
            ],
            "location": "westeurope",
            "mac_address": "",
            "name": "nic-M3",
            "private_ip_address": "10.0.1.12",
            "private_ip_addresses": [
              "10.0.1.12"
            ],
            "resource_group_name": "kubernetes_rg",
            "tags": {
              "environment": "CP2"
            },
            "timeouts": null,
            "virtual_machine_id": ""
          },
          "sensitive_attributes": [],
          "private": "eyJlMmJmYjczMC1lY2FhLTExZTYtOGY4OC0zNDM2M2JjN2M0YzAiOnsiY3JlYXRlIjoxODAwMDAwMDAwMDAwLCJkZWxldGUiOjE4MDAwMDAwMDAwMDAsInJlYWQiOjMwMDAwMDAwMDAwMCwidXBkYXRlIjoxODAwMDAwMDAwMDAwfX0=",
          "dependencies": [
            "azurerm_public_ip.myPublicIp1",
            "azurerm_resource_group.rg",
            "azurerm_subnet.mySubnet",
            "azurerm_virtual_network.myNet"
          ]
        }
      ]
    },
    {
      "mode": "managed",
      "type": "azurerm_network_interface_security_group_association",
      "name": "mySecGroupAssociation1",
      "provider": "provider[\"registry.terraform.io/hashicorp/azurerm\"]",
      "instances": [
        {
          "index_key": 0,
          "schema_version": 0,
          "attributes": {
            "id": "/subscriptions/25ec5d1d-f242-40b6-b79e-001c040416d0/resourceGroups/kubernetes_rg/providers/Microsoft.Network/networkInterfaces/nic-M1|/subscriptions/25ec5d1d-f242-40b6-b79e-001c040416d0/resourceGroups/kubernetes_rg/providers/Microsoft.Network/networkSecurityGroups/sshtraffic",
            "network_interface_id": "/subscriptions/25ec5d1d-f242-40b6-b79e-001c040416d0/resourceGroups/kubernetes_rg/providers/Microsoft.Network/networkInterfaces/nic-M1",
            "network_security_group_id": "/subscriptions/25ec5d1d-f242-40b6-b79e-001c040416d0/resourceGroups/kubernetes_rg/providers/Microsoft.Network/networkSecurityGroups/sshtraffic",
            "timeouts": null
          },
          "sensitive_attributes": [],
          "private": "eyJlMmJmYjczMC1lY2FhLTExZTYtOGY4OC0zNDM2M2JjN2M0YzAiOnsiY3JlYXRlIjoxODAwMDAwMDAwMDAwLCJkZWxldGUiOjE4MDAwMDAwMDAwMDAsInJlYWQiOjMwMDAwMDAwMDAwMCwidXBkYXRlIjoxODAwMDAwMDAwMDAwfX0=",
          "dependencies": [
            "azurerm_network_interface.myNic1",
            "azurerm_network_security_group.mySecGroup",
            "azurerm_public_ip.myPublicIp1",
            "azurerm_resource_group.rg",
            "azurerm_subnet.mySubnet",
            "azurerm_virtual_network.myNet"
          ]
        },
        {
          "index_key": 1,
          "schema_version": 0,
          "attributes": {
            "id": "/subscriptions/25ec5d1d-f242-40b6-b79e-001c040416d0/resourceGroups/kubernetes_rg/providers/Microsoft.Network/networkInterfaces/nic-M2|/subscriptions/25ec5d1d-f242-40b6-b79e-001c040416d0/resourceGroups/kubernetes_rg/providers/Microsoft.Network/networkSecurityGroups/sshtraffic",
            "network_interface_id": "/subscriptions/25ec5d1d-f242-40b6-b79e-001c040416d0/resourceGroups/kubernetes_rg/providers/Microsoft.Network/networkInterfaces/nic-M2",
            "network_security_group_id": "/subscriptions/25ec5d1d-f242-40b6-b79e-001c040416d0/resourceGroups/kubernetes_rg/providers/Microsoft.Network/networkSecurityGroups/sshtraffic",
            "timeouts": null
          },
          "sensitive_attributes": [],
          "private": "eyJlMmJmYjczMC1lY2FhLTExZTYtOGY4OC0zNDM2M2JjN2M0YzAiOnsiY3JlYXRlIjoxODAwMDAwMDAwMDAwLCJkZWxldGUiOjE4MDAwMDAwMDAwMDAsInJlYWQiOjMwMDAwMDAwMDAwMCwidXBkYXRlIjoxODAwMDAwMDAwMDAwfX0=",
          "dependencies": [
            "azurerm_network_interface.myNic1",
            "azurerm_network_security_group.mySecGroup",
            "azurerm_public_ip.myPublicIp1",
            "azurerm_resource_group.rg",
            "azurerm_subnet.mySubnet",
            "azurerm_virtual_network.myNet"
          ]
        },
        {
          "index_key": 2,
          "schema_version": 0,
          "attributes": {
            "id": "/subscriptions/25ec5d1d-f242-40b6-b79e-001c040416d0/resourceGroups/kubernetes_rg/providers/Microsoft.Network/networkInterfaces/nic-M3|/subscriptions/25ec5d1d-f242-40b6-b79e-001c040416d0/resourceGroups/kubernetes_rg/providers/Microsoft.Network/networkSecurityGroups/sshtraffic",
            "network_interface_id": "/subscriptions/25ec5d1d-f242-40b6-b79e-001c040416d0/resourceGroups/kubernetes_rg/providers/Microsoft.Network/networkInterfaces/nic-M3",
            "network_security_group_id": "/subscriptions/25ec5d1d-f242-40b6-b79e-001c040416d0/resourceGroups/kubernetes_rg/providers/Microsoft.Network/networkSecurityGroups/sshtraffic",
            "timeouts": null
          },
          "sensitive_attributes": [],
          "private": "eyJlMmJmYjczMC1lY2FhLTExZTYtOGY4OC0zNDM2M2JjN2M0YzAiOnsiY3JlYXRlIjoxODAwMDAwMDAwMDAwLCJkZWxldGUiOjE4MDAwMDAwMDAwMDAsInJlYWQiOjMwMDAwMDAwMDAwMCwidXBkYXRlIjoxODAwMDAwMDAwMDAwfX0=",
          "dependencies": [
            "azurerm_network_interface.myNic1",
            "azurerm_network_security_group.mySecGroup",
            "azurerm_public_ip.myPublicIp1",
            "azurerm_resource_group.rg",
            "azurerm_subnet.mySubnet",
            "azurerm_virtual_network.myNet"
          ]
        }
      ]
    },
    {
      "mode": "managed",
      "type": "azurerm_network_security_group",
      "name": "mySecGroup",
      "provider": "provider[\"registry.terraform.io/hashicorp/azurerm\"]",
      "instances": [
        {
          "schema_version": 0,
          "attributes": {
            "id": "/subscriptions/25ec5d1d-f242-40b6-b79e-001c040416d0/resourceGroups/kubernetes_rg/providers/Microsoft.Network/networkSecurityGroups/sshtraffic",
            "location": "westeurope",
            "name": "sshtraffic",
            "resource_group_name": "kubernetes_rg",
            "security_rule": [
              {
                "access": "Allow",
                "description": "",
                "destination_address_prefix": "*",
                "destination_address_prefixes": [],
                "destination_application_security_group_ids": [],
                "destination_port_range": "22",
                "destination_port_ranges": [],
                "direction": "Inbound",
                "name": "SHH",
                "priority": 1001,
                "protocol": "Tcp",
                "source_address_prefix": "*",
                "source_address_prefixes": [],
                "source_application_security_group_ids": [],
                "source_port_range": "*",
                "source_port_ranges": []
              }
            ],
            "tags": {
              "environment": "CP2"
            },
            "timeouts": null
          },
          "sensitive_attributes": [],
          "private": "eyJlMmJmYjczMC1lY2FhLTExZTYtOGY4OC0zNDM2M2JjN2M0YzAiOnsiY3JlYXRlIjoxODAwMDAwMDAwMDAwLCJkZWxldGUiOjE4MDAwMDAwMDAwMDAsInJlYWQiOjMwMDAwMDAwMDAwMCwidXBkYXRlIjoxODAwMDAwMDAwMDAwfX0=",
          "dependencies": [
            "azurerm_resource_group.rg"
          ]
        }
      ]
    },
    {
      "mode": "managed",
      "type": "azurerm_public_ip",
      "name": "myPublicIp1",
      "provider": "provider[\"registry.terraform.io/hashicorp/azurerm\"]",
      "instances": [
        {
          "index_key": 0,
          "schema_version": 0,
          "attributes": {
            "allocation_method": "Dynamic",
            "domain_name_label": null,
            "fqdn": null,
            "id": "/subscriptions/25ec5d1d-f242-40b6-b79e-001c040416d0/resourceGroups/kubernetes_rg/providers/Microsoft.Network/publicIPAddresses/vmip-M0",
            "idle_timeout_in_minutes": 4,
            "ip_address": "",
            "ip_version": "IPv4",
            "location": "westeurope",
            "name": "vmip-M0",
            "public_ip_prefix_id": null,
            "resource_group_name": "kubernetes_rg",
            "reverse_fqdn": null,
            "sku": "Basic",
            "tags": {
              "environment": "CP2"
            },
            "timeouts": null,
            "zones": null
          },
          "sensitive_attributes": [],
          "private": "eyJlMmJmYjczMC1lY2FhLTExZTYtOGY4OC0zNDM2M2JjN2M0YzAiOnsiY3JlYXRlIjoxODAwMDAwMDAwMDAwLCJkZWxldGUiOjE4MDAwMDAwMDAwMDAsInJlYWQiOjMwMDAwMDAwMDAwMCwidXBkYXRlIjoxODAwMDAwMDAwMDAwfX0=",
          "dependencies": [
            "azurerm_resource_group.rg"
          ]
        },
        {
          "index_key": 1,
          "schema_version": 0,
          "attributes": {
            "allocation_method": "Dynamic",
            "domain_name_label": null,
            "fqdn": null,
            "id": "/subscriptions/25ec5d1d-f242-40b6-b79e-001c040416d0/resourceGroups/kubernetes_rg/providers/Microsoft.Network/publicIPAddresses/vmip-M1",
            "idle_timeout_in_minutes": 4,
            "ip_address": "",
            "ip_version": "IPv4",
            "location": "westeurope",
            "name": "vmip-M1",
            "public_ip_prefix_id": null,
            "resource_group_name": "kubernetes_rg",
            "reverse_fqdn": null,
            "sku": "Basic",
            "tags": {
              "environment": "CP2"
            },
            "timeouts": null,
            "zones": null
          },
          "sensitive_attributes": [],
          "private": "eyJlMmJmYjczMC1lY2FhLTExZTYtOGY4OC0zNDM2M2JjN2M0YzAiOnsiY3JlYXRlIjoxODAwMDAwMDAwMDAwLCJkZWxldGUiOjE4MDAwMDAwMDAwMDAsInJlYWQiOjMwMDAwMDAwMDAwMCwidXBkYXRlIjoxODAwMDAwMDAwMDAwfX0=",
          "dependencies": [
            "azurerm_resource_group.rg"
          ]
        },
        {
          "index_key": 2,
          "schema_version": 0,
          "attributes": {
            "allocation_method": "Dynamic",
            "domain_name_label": null,
            "fqdn": null,
            "id": "/subscriptions/25ec5d1d-f242-40b6-b79e-001c040416d0/resourceGroups/kubernetes_rg/providers/Microsoft.Network/publicIPAddresses/vmip-M2",
            "idle_timeout_in_minutes": 4,
            "ip_address": "",
            "ip_version": "IPv4",
            "location": "westeurope",
            "name": "vmip-M2",
            "public_ip_prefix_id": null,
            "resource_group_name": "kubernetes_rg",
            "reverse_fqdn": null,
            "sku": "Basic",
            "tags": {
              "environment": "CP2"
            },
            "timeouts": null,
            "zones": null
          },
          "sensitive_attributes": [],
          "private": "eyJlMmJmYjczMC1lY2FhLTExZTYtOGY4OC0zNDM2M2JjN2M0YzAiOnsiY3JlYXRlIjoxODAwMDAwMDAwMDAwLCJkZWxldGUiOjE4MDAwMDAwMDAwMDAsInJlYWQiOjMwMDAwMDAwMDAwMCwidXBkYXRlIjoxODAwMDAwMDAwMDAwfX0=",
          "dependencies": [
            "azurerm_resource_group.rg"
          ]
        }
      ]
    },
    {
      "mode": "managed",
      "type": "azurerm_resource_group",
      "name": "rg",
      "provider": "provider[\"registry.terraform.io/hashicorp/azurerm\"]",
      "instances": [
        {
          "schema_version": 0,
          "attributes": {
            "id": "/subscriptions/25ec5d1d-f242-40b6-b79e-001c040416d0/resourceGroups/kubernetes_rg",
            "location": "westeurope",
            "name": "kubernetes_rg",
            "tags": {
              "environment": "CP2"
            },
            "timeouts": null
          },
          "sensitive_attributes": [],
          "private": "eyJlMmJmYjczMC1lY2FhLTExZTYtOGY4OC0zNDM2M2JjN2M0YzAiOnsiY3JlYXRlIjo1NDAwMDAwMDAwMDAwLCJkZWxldGUiOjU0MDAwMDAwMDAwMDAsInJlYWQiOjMwMDAwMDAwMDAwMCwidXBkYXRlIjo1NDAwMDAwMDAwMDAwfX0="
        }
      ]
    },
    {
      "mode": "managed",
      "type": "azurerm_storage_account",
      "name": "stAccount",
      "provider": "provider[\"registry.terraform.io/hashicorp/azurerm\"]",
      "instances": [
        {
          "schema_version": 2,
          "attributes": {
            "access_tier": "Hot",
            "account_kind": "StorageV2",
            "account_replication_type": "LRS",
            "account_tier": "Standard",
            "allow_blob_public_access": false,
            "blob_properties": [],
            "custom_domain": [],
            "enable_https_traffic_only": true,
            "id": "/subscriptions/25ec5d1d-f242-40b6-b79e-001c040416d0/resourceGroups/kubernetes_rg/providers/Microsoft.Storage/storageAccounts/antostaccount2vm",
            "identity": [],
            "is_hns_enabled": false,
            "large_file_share_enabled": null,
            "location": "westeurope",
            "min_tls_version": "TLS1_0",
            "name": "antostaccount2vm",
            "network_rules": [
              {
                "bypass": [
                  "AzureServices"
                ],
                "default_action": "Allow",
                "ip_rules": [],
                "virtual_network_subnet_ids": []
              }
            ],
            "primary_access_key": "XWCuPU814MkblcJJ3LzwpE/Guqo3yWM2e+xYarL0qFnwFsmMkot6lc37BZ45+YrmFA3BMWdXW6GyEv6yZOYdJA==",
            "primary_blob_connection_string": "DefaultEndpointsProtocol=https;BlobEndpoint=https://antostaccount2vm.blob.core.windows.net/;AccountName=antostaccount2vm;AccountKey=XWCuPU814MkblcJJ3LzwpE/Guqo3yWM2e+xYarL0qFnwFsmMkot6lc37BZ45+YrmFA3BMWdXW6GyEv6yZOYdJA==",
            "primary_blob_endpoint": "https://antostaccount2vm.blob.core.windows.net/",
            "primary_blob_host": "antostaccount2vm.blob.core.windows.net",
            "primary_connection_string": "DefaultEndpointsProtocol=https;AccountName=antostaccount2vm;AccountKey=XWCuPU814MkblcJJ3LzwpE/Guqo3yWM2e+xYarL0qFnwFsmMkot6lc37BZ45+YrmFA3BMWdXW6GyEv6yZOYdJA==;EndpointSuffix=core.windows.net",
            "primary_dfs_endpoint": "https://antostaccount2vm.dfs.core.windows.net/",
            "primary_dfs_host": "antostaccount2vm.dfs.core.windows.net",
            "primary_file_endpoint": "https://antostaccount2vm.file.core.windows.net/",
            "primary_file_host": "antostaccount2vm.file.core.windows.net",
            "primary_location": "westeurope",
            "primary_queue_endpoint": "https://antostaccount2vm.queue.core.windows.net/",
            "primary_queue_host": "antostaccount2vm.queue.core.windows.net",
            "primary_table_endpoint": "https://antostaccount2vm.table.core.windows.net/",
            "primary_table_host": "antostaccount2vm.table.core.windows.net",
            "primary_web_endpoint": "https://antostaccount2vm.z6.web.core.windows.net/",
            "primary_web_host": "antostaccount2vm.z6.web.core.windows.net",
            "queue_properties": [
              {
                "cors_rule": [],
                "hour_metrics": [
                  {
                    "enabled": true,
                    "include_apis": true,
                    "retention_policy_days": 7,
                    "version": "1.0"
                  }
                ],
                "logging": [
                  {
                    "delete": false,
                    "read": false,
                    "retention_policy_days": 0,
                    "version": "1.0",
                    "write": false
                  }
                ],
                "minute_metrics": [
                  {
                    "enabled": false,
                    "include_apis": false,
                    "retention_policy_days": 0,
                    "version": "1.0"
                  }
                ]
              }
            ],
            "resource_group_name": "kubernetes_rg",
            "secondary_access_key": "XOBfu4SWrfOlh7G7a0HQ7kFw+AsYJgwezVXlhexCGk2n1576QJhK82pZcae87ooCqXEtQXAZFSVGzyORo9W0uA==",
            "secondary_blob_connection_string": "",
            "secondary_blob_endpoint": null,
            "secondary_blob_host": null,
            "secondary_connection_string": "DefaultEndpointsProtocol=https;AccountName=antostaccount2vm;AccountKey=XOBfu4SWrfOlh7G7a0HQ7kFw+AsYJgwezVXlhexCGk2n1576QJhK82pZcae87ooCqXEtQXAZFSVGzyORo9W0uA==;EndpointSuffix=core.windows.net",
            "secondary_dfs_endpoint": null,
            "secondary_dfs_host": null,
            "secondary_file_endpoint": null,
            "secondary_file_host": null,
            "secondary_location": "",
            "secondary_queue_endpoint": null,
            "secondary_queue_host": null,
            "secondary_table_endpoint": null,
            "secondary_table_host": null,
            "secondary_web_endpoint": null,
            "secondary_web_host": null,
            "static_website": [],
            "tags": {
              "environment": "CP2"
            },
            "timeouts": null
          },
          "sensitive_attributes": [],
          "private": "eyJlMmJmYjczMC1lY2FhLTExZTYtOGY4OC0zNDM2M2JjN2M0YzAiOnsiY3JlYXRlIjozNjAwMDAwMDAwMDAwLCJkZWxldGUiOjM2MDAwMDAwMDAwMDAsInJlYWQiOjMwMDAwMDAwMDAwMCwidXBkYXRlIjozNjAwMDAwMDAwMDAwfSwic2NoZW1hX3ZlcnNpb24iOiIyIn0=",
          "dependencies": [
            "azurerm_resource_group.rg"
          ]
        }
      ]
    },
    {
      "mode": "managed",
      "type": "azurerm_subnet",
      "name": "mySubnet",
      "provider": "provider[\"registry.terraform.io/hashicorp/azurerm\"]",
      "instances": [
        {
          "schema_version": 0,
          "attributes": {
            "address_prefix": "10.0.1.0/24",
            "address_prefixes": [
              "10.0.1.0/24"
            ],
            "delegation": [],
            "enforce_private_link_endpoint_network_policies": false,
            "enforce_private_link_service_network_policies": false,
            "id": "/subscriptions/25ec5d1d-f242-40b6-b79e-001c040416d0/resourceGroups/kubernetes_rg/providers/Microsoft.Network/virtualNetworks/kubernetesnet/subnets/terraformsubnet",
            "name": "terraformsubnet",
            "resource_group_name": "kubernetes_rg",
            "service_endpoint_policy_ids": null,
            "service_endpoints": null,
            "timeouts": null,
            "virtual_network_name": "kubernetesnet"
          },
          "sensitive_attributes": [],
          "private": "eyJlMmJmYjczMC1lY2FhLTExZTYtOGY4OC0zNDM2M2JjN2M0YzAiOnsiY3JlYXRlIjoxODAwMDAwMDAwMDAwLCJkZWxldGUiOjE4MDAwMDAwMDAwMDAsInJlYWQiOjMwMDAwMDAwMDAwMCwidXBkYXRlIjoxODAwMDAwMDAwMDAwfX0=",
          "dependencies": [
            "azurerm_resource_group.rg",
            "azurerm_virtual_network.myNet"
          ]
        }
      ]
    },
    {
      "mode": "managed",
      "type": "azurerm_virtual_network",
      "name": "myNet",
      "provider": "provider[\"registry.terraform.io/hashicorp/azurerm\"]",
      "instances": [
        {
          "schema_version": 0,
          "attributes": {
            "address_space": [
              "10.0.0.0/16"
            ],
            "bgp_community": "",
            "ddos_protection_plan": [],
            "dns_servers": null,
            "guid": "f5a8ff3a-b592-41e1-abab-17264cffd349",
            "id": "/subscriptions/25ec5d1d-f242-40b6-b79e-001c040416d0/resourceGroups/kubernetes_rg/providers/Microsoft.Network/virtualNetworks/kubernetesnet",
            "location": "westeurope",
            "name": "kubernetesnet",
            "resource_group_name": "kubernetes_rg",
            "subnet": [],
            "tags": {
              "environment": "CP2"
            },
            "timeouts": null,
            "vm_protection_enabled": false
          },
          "sensitive_attributes": [],
          "private": "eyJlMmJmYjczMC1lY2FhLTExZTYtOGY4OC0zNDM2M2JjN2M0YzAiOnsiY3JlYXRlIjoxODAwMDAwMDAwMDAwLCJkZWxldGUiOjE4MDAwMDAwMDAwMDAsInJlYWQiOjMwMDAwMDAwMDAwMCwidXBkYXRlIjoxODAwMDAwMDAwMDAwfX0=",
          "dependencies": [
            "azurerm_resource_group.rg"
          ]
        }
      ]
    }
  ]
}
